// !$*UTF8*$!
{
	archiveVersion = 1;
	classes = {
	};
	objectVersion = 46;
	objects = {

/* Begin PBXBuildFile section */
		842335661DBDB7430067B3AD /* main.m in Sources */ = {isa = PBXBuildFile; fileRef = 842335651DBDB7430067B3AD /* main.m */; };
		842335691DBDB7430067B3AD /* AppDelegate.m in Sources */ = {isa = PBXBuildFile; fileRef = 842335681DBDB7430067B3AD /* AppDelegate.m */; };
		8423356C1DBDB7430067B3AD /* ViewController.m in Sources */ = {isa = PBXBuildFile; fileRef = 8423356B1DBDB7430067B3AD /* ViewController.m */; };
		8423356F1DBDB7430067B3AD /* Main.storyboard in Resources */ = {isa = PBXBuildFile; fileRef = 8423356D1DBDB7430067B3AD /* Main.storyboard */; };
		842335711DBDB7430067B3AD /* Assets.xcassets in Resources */ = {isa = PBXBuildFile; fileRef = 842335701DBDB7430067B3AD /* Assets.xcassets */; };
		842335741DBDB7430067B3AD /* LaunchScreen.storyboard in Resources */ = {isa = PBXBuildFile; fileRef = 842335721DBDB7430067B3AD /* LaunchScreen.storyboard */; };
		8423357E1DBDBD9C0067B3AD /* BQTimelineCell.m in Sources */ = {isa = PBXBuildFile; fileRef = 8423357C1DBDBD9C0067B3AD /* BQTimelineCell.m */; };
		8423357F1DBDBD9C0067B3AD /* BQTimelineCell.xib in Resources */ = {isa = PBXBuildFile; fileRef = 8423357D1DBDBD9C0067B3AD /* BQTimelineCell.xib */; };
/* End PBXBuildFile section */

/* Begin PBXFileReference section */
		842335611DBDB7430067B3AD /* oc-timeline.app */ = {isa = PBXFileReference; explicitFileType = wrapper.application; includeInIndex = 0; path = "oc-timeline.app"; sourceTree = BUILT_PRODUCTS_DIR; };
		842335651DBDB7430067B3AD /* main.m */ = {isa = PBXFileReference; lastKnownFileType = sourcecode.c.objc; path = main.m; sourceTree = "<group>"; };
		842335671DBDB7430067B3AD /* AppDelegate.h */ = {isa = PBXFileReference; lastKnownFileType = sourcecode.c.h; path = AppDelegate.h; sourceTree = "<group>"; };
		842335681DBDB7430067B3AD /* AppDelegate.m */ = {isa = PBXFileReference; lastKnownFileType = sourcecode.c.objc; path = AppDelegate.m; sourceTree = "<group>"; };
		8423356A1DBDB7430067B3AD /* ViewController.h */ = {isa = PBXFileReference; lastKnownFileType = sourcecode.c.h; path = ViewController.h; sourceTree = "<group>"; };
		8423356B1DBDB7430067B3AD /* ViewController.m */ = {isa = PBXFileReference; lastKnownFileType = sourcecode.c.objc; path = ViewController.m; sourceTree = "<group>"; };
		8423356E1DBDB7430067B3AD /* Base */ = {isa = PBXFileReference; lastKnownFileType = file.storyboard; name = Base; path = Base.lproj/Main.storyboard; sourceTree = "<group>"; };
		842335701DBDB7430067B3AD /* Assets.xcassets */ = {isa = PBXFileReference; lastKnownFileType = folder.assetcatalog; path = Assets.xcassets; sourceTree = "<group>"; };
		842335731DBDB7430067B3AD /* Base */ = {isa = PBXFileReference; lastKnownFileType = file.storyboard; name = Base; path = Base.lproj/LaunchScreen.storyboard; sourceTree = "<group>"; };
		842335751DBDB7430067B3AD /* Info.plist */ = {isa = PBXFileReference; lastKnownFileType = text.plist.xml; path = Info.plist; sourceTree = "<group>"; };
		8423357B1DBDBD9C0067B3AD /* BQTimelineCell.h */ = {isa = PBXFileReference; fileEncoding = 4; lastKnownFileType = sourcecode.c.h; path = BQTimelineCell.h; sourceTree = "<group>"; };
		8423357C1DBDBD9C0067B3AD /* BQTimelineCell.m */ = {isa = PBXFileReference; fileEncoding = 4; lastKnownFileType = sourcecode.c.objc; path = BQTimelineCell.m; sourceTree = "<group>"; };
		8423357D1DBDBD9C0067B3AD /* BQTimelineCell.xib */ = {isa = PBXFileReference; fileEncoding = 4; lastKnownFileType = file.xib; path = BQTimelineCell.xib; sourceTree = "<group>"; };
/* End PBXFileReference section */

/* Begin PBXFrameworksBuildPhase section */
		8423355E1DBDB7430067B3AD /* Frameworks */ = {
			isa = PBXFrameworksBuildPhase;
			buildActionMask = 2147483647;
			files = (
			);
			runOnlyForDeploymentPostprocessing = 0;
		};
/* End PBXFrameworksBuildPhase section */

/* Begin PBXGroup section */
		842335581DBDB7430067B3AD = {
			isa = PBXGroup;
			children = (
				842335631DBDB7430067B3AD /* oc-timeline */,
				842335621DBDB7430067B3AD /* Products */,
			);
			sourceTree = "<group>";
		};
		842335621DBDB7430067B3AD /* Products */ = {
			isa = PBXGroup;
			children = (
				842335611DBDB7430067B3AD /* oc-timeline.app */,
			);
			name = Products;
			sourceTree = "<group>";
		};
		842335631DBDB7430067B3AD /* oc-timeline */ = {
			isa = PBXGroup;
			children = (
				8423357B1DBDBD9C0067B3AD /* BQTimelineCell.h */,
				8423357C1DBDBD9C0067B3AD /* BQTimelineCell.m */,
				8423357D1DBDBD9C0067B3AD /* BQTimelineCell.xib */,
				842335671DBDB7430067B3AD /* AppDelegate.h */,
				842335681DBDB7430067B3AD /* AppDelegate.m */,
				8423356A1DBDB7430067B3AD /* ViewController.h */,
				8423356B1DBDB7430067B3AD /* ViewController.m */,
				8423356D1DBDB7430067B3AD /* Main.storyboard */,
				842335701DBDB7430067B3AD /* Assets.xcassets */,
				842335721DBDB7430067B3AD /* LaunchScreen.storyboard */,
				842335751DBDB7430067B3AD /* Info.plist */,
				842335641DBDB7430067B3AD /* Supporting Files */,
			);
			path = "oc-timeline";
			sourceTree = "<group>";
		};
		842335641DBDB7430067B3AD /* Supporting Files */ = {
			isa = PBXGroup;
			children = (
				842335651DBDB7430067B3AD /* main.m */,
			);
			name = "Supporting Files";
			sourceTree = "<group>";
		};
/* End PBXGroup section */

/* Begin PBXNativeTarget section */
		842335601DBDB7430067B3AD /* oc-timeline */ = {
			isa = PBXNativeTarget;
			buildConfigurationList = 842335781DBDB7430067B3AD /* Build configuration list for PBXNativeTarget "oc-timeline" */;
			buildPhases = (
				8423355D1DBDB7430067B3AD /* Sources */,
				8423355E1DBDB7430067B3AD /* Frameworks */,
				8423355F1DBDB7430067B3AD /* Resources */,
			);
			buildRules = (
			);
			dependencies = (
			);
			name = "oc-timeline";
			productName = "oc-timeline";
			productReference = 842335611DBDB7430067B3AD /* oc-timeline.app */;
			productType = "com.apple.product-type.application";
		};
/* End PBXNativeTarget section */

/* Begin PBXProject section */
		842335591DBDB7430067B3AD /* Project object */ = {
			isa = PBXProject;
			attributes = {
				LastUpgradeCheck = 0730;
				ORGANIZATIONNAME = huangbingqi;
				TargetAttributes = {
					842335601DBDB7430067B3AD = {
						CreatedOnToolsVersion = 7.3;
					};
				};
			};
			buildConfigurationList = 8423355C1DBDB7430067B3AD /* Build configuration list for PBXProject "oc-timeline" */;
			compatibilityVersion = "Xcode 3.2";
			developmentRegion = English;
			hasScannedForEncodings = 0;
			knownRegions = (
				en,
				Base,
			);
			mainGroup = 842335581DBDB7430067B3AD;
			productRefGroup = 842335621DBDB7430067B3AD /* Products */;
			projectDirPath = "";
			projectRoot = "";
			targets = (
				842335601DBDB7430067B3AD /* oc-timeline */,
			);
		};
/* End PBXProject section */

/* Begin PBXResourcesBuildPhase section */
		8423355F1DBDB7430067B3AD /* Resources */ = {
			isa = PBXResourcesBuildPhase;
			buildActionMask = 2147483647;
			files = (
				842335741DBDB7430067B3AD /* LaunchScreen.storyboard in Resources */,
				8423357F1DBDBD9C0067B3AD /* BQTimelineCell.xib in Resources */,
				842335711DBDB7430067B3AD /* Assets.xcassets in Resources */,
				8423356F1DBDB7430067B3AD /* Main.storyboard in Resources */,
			);
			runOnlyForDeploymentPostprocessing = 0;
		};
/* End PBXResourcesBuildPhase section */

/* Begin PBXSourcesBuildPhase section */
		8423355D1DBDB7430067B3AD /* Sources */ = {
			isa = PBXSourcesBuildPhase;
			buildActionMask = 2147483647;
			files = (
				8423356C1DBDB7430067B3AD /* ViewController.m in Sources */,
				8423357E1DBDBD9C0067B3AD /* BQTimelineCell.m in Sources */,
				842335691DBDB7430067B3AD /* AppDelegate.m in Sources */,
				842335661DBDB7430067B3AD /* main.m in Sources */,
			);
			runOnlyForDeploymentPostprocessing = 0;
		};
/* End PBXSourcesBuildPhase section */

/* Begin PBXVariantGroup section */
		8423356D1DBDB7430067B3AD /* Main.storyboard */ = {
			isa = PBXVariantGroup;
			children = (
				8423356E1DBDB7430067B3AD /* Base */,
			);
			name = Main.storyboard;
			sourceTree = "<group>";
		};
		842335721DBDB7430067B3AD /* LaunchScreen.storyboard */ = {
			isa = PBXVariantGroup;
			children = (
				842335731DBDB7430067B3AD /* Base */,
			);
			name = LaunchScreen.storyboard;
			sourceTree = "<group>";
		};
/* End PBXVariantGroup section */

/* Begin XCBuildConfiguration section */
		842335761DBDB7430067B3AD /* Debug */ = {
			isa = XCBuildConfiguration;
			buildSettings = {
				ALWAYS_SEARCH_USER_PATHS = NO;
				CLANG_ANALYZER_NONNULL = YES;
				CLANG_CXX_LANGUAGE_STANDARD = "gnu++0x";
				CLANG_CXX_LIBRARY = "libc++";
				CLANG_ENABLE_MODULES = YES;
				CLANG_ENABLE_OBJC_ARC = YES;
				CLANG_WARN_BOOL_CONVERSION = YES;
				CLANG_WARN_CONSTANT_CONVERSION = YES;
				CLANG_WARN_DIRECT_OBJC_ISA_USAGE = YES_ERROR;
				CLANG_WARN_EMPTY_BODY = YES;
				CLANG_WARN_ENUM_CONVERSION = YES;
				CLANG_WARN_INT_CONVERSION = YES;
				CLANG_WARN_OBJC_ROOT_CLASS = YES_ERROR;
				CLANG_WARN_UNREACHABLE_CODE = YES;
				CLANG_WARN__DUPLICATE_METHOD_MATCH = YES;
				"CODE_SIGN_IDENTITY[sdk=iphoneos*]" = "iPhone Developer";
				COPY_PHASE_STRIP = NO;
				DEBUG_INFORMATION_FORMAT = dwarf;
				ENABLE_STRICT_OBJC_MSGSEND = YES;
				ENABLE_TESTABILITY = YES;
				GCC_C_LANGUAGE_STANDARD = gnu99;
				GCC_DYNAMIC_NO_PIC = NO;
				GCC_NO_COMMON_BLOCKS = YES;
				GCC_OPTIMIZATION_LEVEL = 0;
				GCC_PREPROCESSOR_DEFINITIONS = (
					"DEBUG=1",
					"$(inherited)",
				);
				GCC_WARN_64_TO_32_BIT_CONVERSION = YES;
				GCC_WARN_ABOUT_RETURN_TYPE = YES_ERROR;
				GCC_WARN_UNDECLARED_SELECTOR = YES;
				GCC_WARN_UNINITIALIZED_AUTOS = YES_AGGRESSIVE;
				GCC_WARN_UNUSED_FUNCTION = YES;
				GCC_WARN_UNUSED_VARIABLE = YES;
				IPHONEOS_DEPLOYMENT_TARGET = 9.3;
				MTL_ENABLE_DEBUG_INFO = YES;
				ONLY_ACTIVE_ARCH = YES;
				SDKROOT = iphoneos;
			};
			name = Debug;
		};
		842335771DBDB7430067B3AD /* Release */ = {
			isa = XCBuildConfiguration;
			buildSettings = {
				ALWAYS_SEARCH_USER_PATHS = NO;
				CLANG_ANALYZER_NONNULL = YES;
				CLANG_CXX_LANGUAGE_STANDARD = "gnu++0x";
				CLANG_CXX_LIBRARY = "libc++";
				CLANG_ENABLE_MODULES = YES;
				CLANG_ENABLE_OBJC_ARC = YES;
				CLANG_WARN_BOOL_CONVERSION = YES;
				CLANG_WARN_CONSTANT_CONVERSION = YES;
				CLANG_WARN_DIRECT_OBJC_ISA_USAGE = YES_ERROR;
				CLANG_WARN_EMPTY_BODY = YES;
				CLANG_WARN_ENUM_CONVERSION = YES;
				CLANG_WARN_INT_CONVERSION = YES;
				CLANG_WARN_OBJC_ROOT_CLASS = YES_ERROR;
				CLANG_WARN_UNREACHABLE_CODE = YES;
				CLANG_WARN__DUPLICATE_METHOD_MATCH = YES;
				"CODE_SIGN_IDENTITY[sdk=iphoneos*]" = "iPhone Developer";
				COPY_PHASE_STRIP = NO;
				DEBUG_INFORMATION_FORMAT = "dwarf-with-dsym";
				ENABLE_NS_ASSERTIONS = NO;
				ENABLE_STRICT_OBJC_MSGSEND = YES;
				GCC_C_LANGUAGE_STANDARD = gnu99;
				GCC_NO_COMMON_BLOCKS = YES;
				GCC_WARN_64_TO_32_BIT_CONVERSION = YES;
				GCC_WARN_ABOUT_RETURN_TYPE = YES_ERROR;
				GCC_WARN_UNDECLARED_SELECTOR = YES;
				GCC_WARN_UNINITIALIZED_AUTOS = YES_AGGRESSIVE;
				GCC_WARN_UNUSED_FUNCTION = YES;
				GCC_WARN_UNUSED_VARIABLE = YES;
				IPHONEOS_DEPLOYMENT_TARGET = 9.3;
				MTL_ENABLE_DEBUG_INFO = NO;
				SDKROOT = iphoneos;
				VALIDATE_PRODUCT = YES;
			};
			name = Release;
		};
		842335791DBDB7430067B3AD /* Debug */ = {
			isa = XCBuildConfiguration;
			buildSettings = {
				ASSETCATALOG_COMPILER_APPICON_NAME = AppIcon;
				INFOPLIST_FILE = "oc-timeline/Info.plist";
				LD_RUNPATH_SEARCH_PATHS = "$(inherited) @executable_path/Frameworks";
				PRODUCT_BUNDLE_IDENTIFIER = "io.github.bingqihuang.oc-timeline";
				PRODUCT_NAME = "$(TARGET_NAME)";
			};
			name = Debug;
		};
		8423357A1DBDB7430067B3AD /* Release */ = {
			isa = XCBuildConfiguration;
			buildSettings = {
				ASSETCATALOG_COMPILER_APPICON_NAME = AppIcon;
				INFOPLIST_FILE = "oc-timeline/Info.plist";
				LD_RUNPATH_SEARCH_PATHS = "$(inherited) @executable_path/Frameworks";
				PRODUCT_BUNDLE_IDENTIFIER = "io.github.bingqihuang.oc-timeline";
				PRODUCT_NAME = "$(TARGET_NAME)";
			};
			name = Release;
		};
/* End XCBuildConfiguration section */

/* Begin XCConfigurationList section */
		8423355C1DBDB7430067B3AD /* Build configuration list for PBXProject "oc-timeline" */ = {
			isa = XCConfigurationList;
			buildConfigurations = (
				842335761DBDB7430067B3AD /* Debug */,
				842335771DBDB7430067B3AD /* Release */,
			);
			defaultConfigurationIsVisible = 0;
			defaultConfigurationName = Release;
		};
		842335781DBDB7430067B3AD /* Build configuration list for PBXNativeTarget "oc-timeline" */ = {
			isa = XCConfigurationList;
			buildConfigurations = (
				842335791DBDB7430067B3AD /* Debug */,
				8423357A1DBDB7430067B3AD /* Release */,
			);
			defaultConfigurationIsVisible = 0;
			defaultConfigurationName = Release;
		};
/* End XCConfigurationList section */
	};
	rootObject = 842335591DBDB7430067B3AD /* Project object */;
}
